
Microsoft Visual Studio Solution File, Format Version 12.00
# Visual Studio Version 17
VisualStudioVersion = 17.0.31903.59
MinimumVisualStudioVersion = 10.0.40219.1
Project("{FAE04EC0-301F-11D3-BF4B-00C04F79EFBC}") = "Emoji多标签浏览器", "Emoji多标签浏览器\Emoji多标签浏览器.csproj", "{51A81E0F-9154-4E08-8234-D286E59BA1E6}"
EndProject
Project("{FAE04EC0-301F-11D3-BF4B-00C04F79EFBC}") = "EmojiWindowButtonDemo", "EmojiWindowButtonDemo\EmojiWindowButtonDemo.csproj", "{8917D62A-AA2A-4729-A589-D6ABADDC36D1}"
EndProject
Project("{FAE04EC0-301F-11D3-BF4B-00C04F79EFBC}") = "EmojiWindowCheckBoxDemo", "EmojiWindowCheckBoxDemo\EmojiWindowCheckBoxDemo.csproj", "{B6960969-C4DB-419C-8723-16E2E4643CE5}"
EndProject
Project("{FAE04EC0-301F-11D3-BF4B-00C04F79EFBC}") = "EmojiWindowColorEmojiEditBoxDemo", "EmojiWindowColorEmojiEditBoxDemo\EmojiWindowColorEmojiEditBoxDemo.csproj", "{EE54B8B6-BA29-4390-8C2F-E0EC2A4E3CBA}"
EndProject
Project("{FAE04EC0-301F-11D3-BF4B-00C04F79EFBC}") = "EmojiWindowComboBoxDemo", "EmojiWindowComboBoxDemo\EmojiWindowComboBoxDemo.csproj", "{A56CED5D-BB10-4F1B-8867-861DB63ECEBB}"
EndProject
Project("{FAE04EC0-301F-11D3-BF4B-00C04F79EFBC}") = "EmojiWindowConfirmBoxDemo", "EmojiWindowConfirmBoxDemo\EmojiWindowConfirmBoxDemo.csproj", "{3BF3FB0A-F719-4971-9483-AABCB1A5AF7D}"
EndProject
Project("{FAE04EC0-301F-11D3-BF4B-00C04F79EFBC}") = "EmojiWindowD2DComboBoxDemo", "EmojiWindowD2DComboBoxDemo\EmojiWindowD2DComboBoxDemo.csproj", "{4ED221AF-3136-429C-AECA-566EB34515C8}"
EndProject
Project("{FAE04EC0-301F-11D3-BF4B-00C04F79EFBC}") = "EmojiWindowDataGridViewDemo", "EmojiWindowDataGridViewDemo\EmojiWindowDataGridViewDemo.csproj", "{380507A4-147D-4CE2-BEC4-0990678781D5}"
EndProject
Project("{FAE04EC0-301F-11D3-BF4B-00C04F79EFBC}") = "EmojiWindowDateTimePickerDemo", "EmojiWindowDateTimePickerDemo\EmojiWindowDateTimePickerDemo.csproj", "{181CD499-0560-4139-9D71-49436769D1CF}"
EndProject
Project("{FAE04EC0-301F-11D3-BF4B-00C04F79EFBC}") = "EmojiWindowEditBoxDemo", "EmojiWindowEditBoxDemo\EmojiWindowEditBoxDemo.csproj", "{C69ED615-336B-46C6-9DA4-EE1C2BA1CBE7}"
EndProject
Project("{FAE04EC0-301F-11D3-BF4B-00C04F79EFBC}") = "EmojiWindowGroupBoxDemo", "EmojiWindowGroupBoxDemo\EmojiWindowGroupBoxDemo.csproj", "{DEDD0890-FBEB-4730-A38D-2F00D2C39763}"
EndProject
Project("{FAE04EC0-301F-11D3-BF4B-00C04F79EFBC}") = "EmojiWindowHotKeyDemo", "EmojiWindowHotKeyDemo\EmojiWindowHotKeyDemo.csproj", "{2BD54798-B79F-412B-A59B-7B1E5668475E}"
EndProject
Project("{FAE04EC0-301F-11D3-BF4B-00C04F79EFBC}") = "EmojiWindowLabelDemo", "EmojiWindowLabelDemo\EmojiWindowLabelDemo.csproj", "{89C95CD1-D701-4C0E-94A1-20048286467A}"
EndProject
Project("{FAE04EC0-301F-11D3-BF4B-00C04F79EFBC}") = "EmojiWindowListBoxDemo", "EmojiWindowListBoxDemo\EmojiWindowListBoxDemo.csproj", "{83DF4A2E-31A3-45CA-AA3D-328FA9F3AC1F}"
EndProject
Project("{FAE04EC0-301F-11D3-BF4B-00C04F79EFBC}") = "EmojiWindowMenuBarDemo", "EmojiWindowMenuBarDemo\EmojiWindowMenuBarDemo.csproj", "{8FA8E690-9817-411F-A9B5-E374698C2B89}"
EndProject
Project("{FAE04EC0-301F-11D3-BF4B-00C04F79EFBC}") = "EmojiWindowMessageBoxDemo", "EmojiWindowMessageBoxDemo\EmojiWindowMessageBoxDemo.csproj", "{26E61149-1D00-4BAF-8325-5064DE097CE4}"
EndProject
Project("{FAE04EC0-301F-11D3-BF4B-00C04F79EFBC}") = "EmojiWindowNotificationDemo", "EmojiWindowNotificationDemo\EmojiWindowNotificationDemo.csproj", "{EFDADE06-D79D-45DA-A21E-3D90DC36FA57}"
EndProject
Project("{FAE04EC0-301F-11D3-BF4B-00C04F79EFBC}") = "EmojiWindowPanelDemo", "EmojiWindowPanelDemo\EmojiWindowPanelDemo.csproj", "{88FC9C0C-4326-4C7A-87C2-4611EE82B281}"
EndProject
Project("{FAE04EC0-301F-11D3-BF4B-00C04F79EFBC}") = "EmojiWindowPictureBoxDemo", "EmojiWindowPictureBoxDemo\EmojiWindowPictureBoxDemo.csproj", "{E956E782-288F-43FF-84E2-2D51B842C25B}"
EndProject
Project("{FAE04EC0-301F-11D3-BF4B-00C04F79EFBC}") = "EmojiWindowPopupMenuDemo", "EmojiWindowPopupMenuDemo\EmojiWindowPopupMenuDemo.csproj", "{3C7C6A8D-86DD-4EBC-A0BB-7BDE02C7E97C}"
EndProject
Project("{FAE04EC0-301F-11D3-BF4B-00C04F79EFBC}") = "EmojiWindowProgressBarDemo", "EmojiWindowProgressBarDemo\EmojiWindowProgressBarDemo.csproj", "{BD40C449-4758-4C0E-A129-4BA541417A23}"
EndProject
Project("{FAE04EC0-301F-11D3-BF4B-00C04F79EFBC}") = "EmojiWindowRadioButtonDemo", "EmojiWindowRadioButtonDemo\EmojiWindowRadioButtonDemo.csproj", "{372F5623-DC81-4BF1-A414-F20A27B2B657}"
EndProject
Project("{FAE04EC0-301F-11D3-BF4B-00C04F79EFBC}") = "EmojiWindowSliderDemo", "EmojiWindowSliderDemo\EmojiWindowSliderDemo.csproj", "{67D490E8-38D9-4C98-B476-A27F40277B30}"
EndProject
Project("{FAE04EC0-301F-11D3-BF4B-00C04F79EFBC}") = "EmojiWindowSwitchDemo", "EmojiWindowSwitchDemo\EmojiWindowSwitchDemo.csproj", "{F0D2A6F6-D796-465E-8FAE-124F38F9F524}"
EndProject
Project("{FAE04EC0-301F-11D3-BF4B-00C04F79EFBC}") = "EmojiWindowTabControlDemo", "EmojiWindowTabControlDemo\EmojiWindowTabControlDemo.csproj", "{57A1C344-7587-433B-A98B-FAC47ECA549E}"
EndProject
Project("{FAE04EC0-301F-11D3-BF4B-00C04F79EFBC}") = "EmojiWindowTooltipDemo", "EmojiWindowTooltipDemo\EmojiWindowTooltipDemo.csproj", "{2689553F-0237-4619-A79E-CBBF9569B546}"
EndProject
Project("{FAE04EC0-301F-11D3-BF4B-00C04F79EFBC}") = "EmojiWindowTreeViewDemo", "EmojiWindowTreeViewDemo\EmojiWindowTreeViewDemo.csproj", "{CE3952F2-EFD9-474D-ABB3-E168284469FC}"
EndProject
Project("{FAE04EC0-301F-11D3-BF4B-00C04F79EFBC}") = "EmojiWindowWindowDemo", "EmojiWindowWindowDemo\EmojiWindowWindowDemo.csproj", "{A7576CFD-7A08-49F2-AC41-0F746ACE3595}"
EndProject
Project("{FAE04EC0-301F-11D3-BF4B-00C04F79EFBC}") = "EmojiWindowAllComponentsTreeDemo", "EmojiWindowAllComponentsTreeDemo\EmojiWindowAllComponentsTreeDemo.csproj", "{6D9A460B-73A6-4AE5-A9B4-56A6C34F1B9A}"
EndProject
Global
	GlobalSection(SolutionConfigurationPlatforms) = preSolution
		Debug|x64 = Debug|x64
		Debug|x86 = Debug|x86
		Release|x64 = Release|x64
		Release|x86 = Release|x86
	EndGlobalSection
	GlobalSection(ProjectConfigurationPlatforms) = postSolution
		{51A81E0F-9154-4E08-8234-D286E59BA1E6}.Debug|x64.ActiveCfg = Debug|x64
		{51A81E0F-9154-4E08-8234-D286E59BA1E6}.Debug|x64.Build.0 = Debug|x64
		{51A81E0F-9154-4E08-8234-D286E59BA1E6}.Debug|x86.ActiveCfg = Debug|x64
		{51A81E0F-9154-4E08-8234-D286E59BA1E6}.Debug|x86.Build.0 = Debug|x64
		{51A81E0F-9154-4E08-8234-D286E59BA1E6}.Release|x64.ActiveCfg = Release|x64
		{51A81E0F-9154-4E08-8234-D286E59BA1E6}.Release|x64.Build.0 = Release|x64
		{51A81E0F-9154-4E08-8234-D286E59BA1E6}.Release|x86.ActiveCfg = Release|x64
		{51A81E0F-9154-4E08-8234-D286E59BA1E6}.Release|x86.Build.0 = Release|x64
		{8917D62A-AA2A-4729-A589-D6ABADDC36D1}.Debug|x64.ActiveCfg = Debug|x64
		{8917D62A-AA2A-4729-A589-D6ABADDC36D1}.Debug|x64.Build.0 = Debug|x64
		{8917D62A-AA2A-4729-A589-D6ABADDC36D1}.Debug|x86.ActiveCfg = Debug|x64
		{8917D62A-AA2A-4729-A589-D6ABADDC36D1}.Debug|x86.Build.0 = Debug|x64
		{8917D62A-AA2A-4729-A589-D6ABADDC36D1}.Release|x64.ActiveCfg = Release|x64
		{8917D62A-AA2A-4729-A589-D6ABADDC36D1}.Release|x64.Build.0 = Release|x64
		{8917D62A-AA2A-4729-A589-D6ABADDC36D1}.Release|x86.ActiveCfg = Release|x64
		{8917D62A-AA2A-4729-A589-D6ABADDC36D1}.Release|x86.Build.0 = Release|x64
		{B6960969-C4DB-419C-8723-16E2E4643CE5}.Debug|x64.ActiveCfg = Debug|x64
		{B6960969-C4DB-419C-8723-16E2E4643CE5}.Debug|x64.Build.0 = Debug|x64
		{B6960969-C4DB-419C-8723-16E2E4643CE5}.Debug|x86.ActiveCfg = Debug|x64
		{B6960969-C4DB-419C-8723-16E2E4643CE5}.Debug|x86.Build.0 = Debug|x64
		{B6960969-C4DB-419C-8723-16E2E4643CE5}.Release|x64.ActiveCfg = Release|x64
		{B6960969-C4DB-419C-8723-16E2E4643CE5}.Release|x64.Build.0 = Release|x64
		{B6960969-C4DB-419C-8723-16E2E4643CE5}.Release|x86.ActiveCfg = Release|x64
		{B6960969-C4DB-419C-8723-16E2E4643CE5}.Release|x86.Build.0 = Release|x64
		{EE54B8B6-BA29-4390-8C2F-E0EC2A4E3CBA}.Debug|x64.ActiveCfg = Debug|x64
		{EE54B8B6-BA29-4390-8C2F-E0EC2A4E3CBA}.Debug|x64.Build.0 = Debug|x64
		{EE54B8B6-BA29-4390-8C2F-E0EC2A4E3CBA}.Debug|x86.ActiveCfg = Debug|x64
		{EE54B8B6-BA29-4390-8C2F-E0EC2A4E3CBA}.Debug|x86.Build.0 = Debug|x64
		{EE54B8B6-BA29-4390-8C2F-E0EC2A4E3CBA}.Release|x64.ActiveCfg = Release|x64
		{EE54B8B6-BA29-4390-8C2F-E0EC2A4E3CBA}.Release|x64.Build.0 = Release|x64
		{EE54B8B6-BA29-4390-8C2F-E0EC2A4E3CBA}.Release|x86.ActiveCfg = Release|x64
		{EE54B8B6-BA29-4390-8C2F-E0EC2A4E3CBA}.Release|x86.Build.0 = Release|x64
		{A56CED5D-BB10-4F1B-8867-861DB63ECEBB}.Debug|x64.ActiveCfg = Debug|x64
		{A56CED5D-BB10-4F1B-8867-861DB63ECEBB}.Debug|x64.Build.0 = Debug|x64
		{A56CED5D-BB10-4F1B-8867-861DB63ECEBB}.Debug|x86.ActiveCfg = Debug|x64
		{A56CED5D-BB10-4F1B-8867-861DB63ECEBB}.Debug|x86.Build.0 = Debug|x64
		{A56CED5D-BB10-4F1B-8867-861DB63ECEBB}.Release|x64.ActiveCfg = Release|x64
		{A56CED5D-BB10-4F1B-8867-861DB63ECEBB}.Release|x64.Build.0 = Release|x64
		{A56CED5D-BB10-4F1B-8867-861DB63ECEBB}.Release|x86.ActiveCfg = Release|x64
		{A56CED5D-BB10-4F1B-8867-861DB63ECEBB}.Release|x86.Build.0 = Release|x64
		{3BF3FB0A-F719-4971-9483-AABCB1A5AF7D}.Debug|x64.ActiveCfg = Debug|x64
		{3BF3FB0A-F719-4971-9483-AABCB1A5AF7D}.Debug|x64.Build.0 = Debug|x64
		{3BF3FB0A-F719-4971-9483-AABCB1A5AF7D}.Debug|x86.ActiveCfg = Debug|x64
		{3BF3FB0A-F719-4971-9483-AABCB1A5AF7D}.Debug|x86.Build.0 = Debug|x64
		{3BF3FB0A-F719-4971-9483-AABCB1A5AF7D}.Release|x64.ActiveCfg = Release|x64
		{3BF3FB0A-F719-4971-9483-AABCB1A5AF7D}.Release|x64.Build.0 = Release|x64
		{3BF3FB0A-F719-4971-9483-AABCB1A5AF7D}.Release|x86.ActiveCfg = Release|x64
		{3BF3FB0A-F719-4971-9483-AABCB1A5AF7D}.Release|x86.Build.0 = Release|x64
		{4ED221AF-3136-429C-AECA-566EB34515C8}.Debug|x64.ActiveCfg = Debug|x64
		{4ED221AF-3136-429C-AECA-566EB34515C8}.Debug|x64.Build.0 = Debug|x64
		{4ED221AF-3136-429C-AECA-566EB34515C8}.Debug|x86.ActiveCfg = Debug|x64
		{4ED221AF-3136-429C-AECA-566EB34515C8}.Debug|x86.Build.0 = Debug|x64
		{4ED221AF-3136-429C-AECA-566EB34515C8}.Release|x64.ActiveCfg = Release|x64
		{4ED221AF-3136-429C-AECA-566EB34515C8}.Release|x64.Build.0 = Release|x64
		{4ED221AF-3136-429C-AECA-566EB34515C8}.Release|x86.ActiveCfg = Release|x64
		{4ED221AF-3136-429C-AECA-566EB34515C8}.Release|x86.Build.0 = Release|x64
		{380507A4-147D-4CE2-BEC4-0990678781D5}.Debug|x64.ActiveCfg = Debug|x64
		{380507A4-147D-4CE2-BEC4-0990678781D5}.Debug|x64.Build.0 = Debug|x64
		{380507A4-147D-4CE2-BEC4-0990678781D5}.Debug|x86.ActiveCfg = Debug|x64
		{380507A4-147D-4CE2-BEC4-0990678781D5}.Debug|x86.Build.0 = Debug|x64
		{380507A4-147D-4CE2-BEC4-0990678781D5}.Release|x64.ActiveCfg = Release|x64
		{380507A4-147D-4CE2-BEC4-0990678781D5}.Release|x64.Build.0 = Release|x64
		{380507A4-147D-4CE2-BEC4-0990678781D5}.Release|x86.ActiveCfg = Release|x64
		{380507A4-147D-4CE2-BEC4-0990678781D5}.Release|x86.Build.0 = Release|x64
		{181CD499-0560-4139-9D71-49436769D1CF}.Debug|x64.ActiveCfg = Debug|x64
		{181CD499-0560-4139-9D71-49436769D1CF}.Debug|x64.Build.0 = Debug|x64
		{181CD499-0560-4139-9D71-49436769D1CF}.Debug|x86.ActiveCfg = Debug|x64
		{181CD499-0560-4139-9D71-49436769D1CF}.Debug|x86.Build.0 = Debug|x64
		{181CD499-0560-4139-9D71-49436769D1CF}.Release|x64.ActiveCfg = Release|x64
		{181CD499-0560-4139-9D71-49436769D1CF}.Release|x64.Build.0 = Release|x64
		{181CD499-0560-4139-9D71-49436769D1CF}.Release|x86.ActiveCfg = Release|x64
		{181CD499-0560-4139-9D71-49436769D1CF}.Release|x86.Build.0 = Release|x64
		{C69ED615-336B-46C6-9DA4-EE1C2BA1CBE7}.Debug|x64.ActiveCfg = Debug|x64
		{C69ED615-336B-46C6-9DA4-EE1C2BA1CBE7}.Debug|x64.Build.0 = Debug|x64
		{C69ED615-336B-46C6-9DA4-EE1C2BA1CBE7}.Debug|x86.ActiveCfg = Debug|x64
		{C69ED615-336B-46C6-9DA4-EE1C2BA1CBE7}.Debug|x86.Build.0 = Debug|x64
		{C69ED615-336B-46C6-9DA4-EE1C2BA1CBE7}.Release|x64.ActiveCfg = Release|x64
		{C69ED615-336B-46C6-9DA4-EE1C2BA1CBE7}.Release|x64.Build.0 = Release|x64
		{C69ED615-336B-46C6-9DA4-EE1C2BA1CBE7}.Release|x86.ActiveCfg = Release|x64
		{C69ED615-336B-46C6-9DA4-EE1C2BA1CBE7}.Release|x86.Build.0 = Release|x64
		{DEDD0890-FBEB-4730-A38D-2F00D2C39763}.Debug|x64.ActiveCfg = Debug|x64
		{DEDD0890-FBEB-4730-A38D-2F00D2C39763}.Debug|x64.Build.0 = Debug|x64
		{DEDD0890-FBEB-4730-A38D-2F00D2C39763}.Debug|x86.ActiveCfg = Debug|x64
		{DEDD0890-FBEB-4730-A38D-2F00D2C39763}.Debug|x86.Build.0 = Debug|x64
		{DEDD0890-FBEB-4730-A38D-2F00D2C39763}.Release|x64.ActiveCfg = Release|x64
		{DEDD0890-FBEB-4730-A38D-2F00D2C39763}.Release|x64.Build.0 = Release|x64
		{DEDD0890-FBEB-4730-A38D-2F00D2C39763}.Release|x86.ActiveCfg = Release|x64
		{DEDD0890-FBEB-4730-A38D-2F00D2C39763}.Release|x86.Build.0 = Release|x64
		{2BD54798-B79F-412B-A59B-7B1E5668475E}.Debug|x64.ActiveCfg = Debug|x64
		{2BD54798-B79F-412B-A59B-7B1E5668475E}.Debug|x64.Build.0 = Debug|x64
		{2BD54798-B79F-412B-A59B-7B1E5668475E}.Debug|x86.ActiveCfg = Debug|x64
		{2BD54798-B79F-412B-A59B-7B1E5668475E}.Debug|x86.Build.0 = Debug|x64
		{2BD54798-B79F-412B-A59B-7B1E5668475E}.Release|x64.ActiveCfg = Release|x64
		{2BD54798-B79F-412B-A59B-7B1E5668475E}.Release|x64.Build.0 = Release|x64
		{2BD54798-B79F-412B-A59B-7B1E5668475E}.Release|x86.ActiveCfg = Release|x64
		{2BD54798-B79F-412B-A59B-7B1E5668475E}.Release|x86.Build.0 = Release|x64
		{89C95CD1-D701-4C0E-94A1-20048286467A}.Debug|x64.ActiveCfg = Debug|x64
		{89C95CD1-D701-4C0E-94A1-20048286467A}.Debug|x64.Build.0 = Debug|x64
		{89C95CD1-D701-4C0E-94A1-20048286467A}.Debug|x86.ActiveCfg = Debug|x64
		{89C95CD1-D701-4C0E-94A1-20048286467A}.Debug|x86.Build.0 = Debug|x64
		{89C95CD1-D701-4C0E-94A1-20048286467A}.Release|x64.ActiveCfg = Release|x64
		{89C95CD1-D701-4C0E-94A1-20048286467A}.Release|x64.Build.0 = Release|x64
		{89C95CD1-D701-4C0E-94A1-20048286467A}.Release|x86.ActiveCfg = Release|x64
		{89C95CD1-D701-4C0E-94A1-20048286467A}.Release|x86.Build.0 = Release|x64
		{83DF4A2E-31A3-45CA-AA3D-328FA9F3AC1F}.Debug|x64.ActiveCfg = Debug|x64
		{83DF4A2E-31A3-45CA-AA3D-328FA9F3AC1F}.Debug|x64.Build.0 = Debug|x64
		{83DF4A2E-31A3-45CA-AA3D-328FA9F3AC1F}.Debug|x86.ActiveCfg = Debug|x64
		{83DF4A2E-31A3-45CA-AA3D-328FA9F3AC1F}.Debug|x86.Build.0 = Debug|x64
		{83DF4A2E-31A3-45CA-AA3D-328FA9F3AC1F}.Release|x64.ActiveCfg = Release|x64
		{83DF4A2E-31A3-45CA-AA3D-328FA9F3AC1F}.Release|x64.Build.0 = Release|x64
		{83DF4A2E-31A3-45CA-AA3D-328FA9F3AC1F}.Release|x86.ActiveCfg = Release|x64
		{83DF4A2E-31A3-45CA-AA3D-328FA9F3AC1F}.Release|x86.Build.0 = Release|x64
		{8FA8E690-9817-411F-A9B5-E374698C2B89}.Debug|x64.ActiveCfg = Debug|x64
		{8FA8E690-9817-411F-A9B5-E374698C2B89}.Debug|x64.Build.0 = Debug|x64
		{8FA8E690-9817-411F-A9B5-E374698C2B89}.Debug|x86.ActiveCfg = Debug|x64
		{8FA8E690-9817-411F-A9B5-E374698C2B89}.Debug|x86.Build.0 = Debug|x64
		{8FA8E690-9817-411F-A9B5-E374698C2B89}.Release|x64.ActiveCfg = Release|x64
		{8FA8E690-9817-411F-A9B5-E374698C2B89}.Release|x64.Build.0 = Release|x64
		{8FA8E690-9817-411F-A9B5-E374698C2B89}.Release|x86.ActiveCfg = Release|x64
		{8FA8E690-9817-411F-A9B5-E374698C2B89}.Release|x86.Build.0 = Release|x64
		{26E61149-1D00-4BAF-8325-5064DE097CE4}.Debug|x64.ActiveCfg = Debug|x64
		{26E61149-1D00-4BAF-8325-5064DE097CE4}.Debug|x64.Build.0 = Debug|x64
		{26E61149-1D00-4BAF-8325-5064DE097CE4}.Debug|x86.ActiveCfg = Debug|x64
		{26E61149-1D00-4BAF-8325-5064DE097CE4}.Debug|x86.Build.0 = Debug|x64
		{26E61149-1D00-4BAF-8325-5064DE097CE4}.Release|x64.ActiveCfg = Release|x64
		{26E61149-1D00-4BAF-8325-5064DE097CE4}.Release|x64.Build.0 = Release|x64
		{26E61149-1D00-4BAF-8325-5064DE097CE4}.Release|x86.ActiveCfg = Release|x64
		{26E61149-1D00-4BAF-8325-5064DE097CE4}.Release|x86.Build.0 = Release|x64
		{EFDADE06-D79D-45DA-A21E-3D90DC36FA57}.Debug|x64.ActiveCfg = Debug|x64
		{EFDADE06-D79D-45DA-A21E-3D90DC36FA57}.Debug|x64.Build.0 = Debug|x64
		{EFDADE06-D79D-45DA-A21E-3D90DC36FA57}.Debug|x86.ActiveCfg = Debug|x64
		{EFDADE06-D79D-45DA-A21E-3D90DC36FA57}.Debug|x86.Build.0 = Debug|x64
		{EFDADE06-D79D-45DA-A21E-3D90DC36FA57}.Release|x64.ActiveCfg = Release|x64
		{EFDADE06-D79D-45DA-A21E-3D90DC36FA57}.Release|x64.Build.0 = Release|x64
		{EFDADE06-D79D-45DA-A21E-3D90DC36FA57}.Release|x86.ActiveCfg = Release|x64
		{EFDADE06-D79D-45DA-A21E-3D90DC36FA57}.Release|x86.Build.0 = Release|x64
		{88FC9C0C-4326-4C7A-87C2-4611EE82B281}.Debug|x64.ActiveCfg = Debug|x64
		{88FC9C0C-4326-4C7A-87C2-4611EE82B281}.Debug|x64.Build.0 = Debug|x64
		{88FC9C0C-4326-4C7A-87C2-4611EE82B281}.Debug|x86.ActiveCfg = Debug|x64
		{88FC9C0C-4326-4C7A-87C2-4611EE82B281}.Debug|x86.Build.0 = Debug|x64
		{88FC9C0C-4326-4C7A-87C2-4611EE82B281}.Release|x64.ActiveCfg = Release|x64
		{88FC9C0C-4326-4C7A-87C2-4611EE82B281}.Release|x64.Build.0 = Release|x64
		{88FC9C0C-4326-4C7A-87C2-4611EE82B281}.Release|x86.ActiveCfg = Release|x64
		{88FC9C0C-4326-4C7A-87C2-4611EE82B281}.Release|x86.Build.0 = Release|x64
		{E956E782-288F-43FF-84E2-2D51B842C25B}.Debug|x64.ActiveCfg = Debug|x64
		{E956E782-288F-43FF-84E2-2D51B842C25B}.Debug|x64.Build.0 = Debug|x64
		{E956E782-288F-43FF-84E2-2D51B842C25B}.Debug|x86.ActiveCfg = Debug|x64
		{E956E782-288F-43FF-84E2-2D51B842C25B}.Debug|x86.Build.0 = Debug|x64
		{E956E782-288F-43FF-84E2-2D51B842C25B}.Release|x64.ActiveCfg = Release|x64
		{E956E782-288F-43FF-84E2-2D51B842C25B}.Release|x64.Build.0 = Release|x64
		{E956E782-288F-43FF-84E2-2D51B842C25B}.Release|x86.ActiveCfg = Release|x64
		{E956E782-288F-43FF-84E2-2D51B842C25B}.Release|x86.Build.0 = Release|x64
		{3C7C6A8D-86DD-4EBC-A0BB-7BDE02C7E97C}.Debug|x64.ActiveCfg = Debug|x64
		{3C7C6A8D-86DD-4EBC-A0BB-7BDE02C7E97C}.Debug|x64.Build.0 = Debug|x64
		{3C7C6A8D-86DD-4EBC-A0BB-7BDE02C7E97C}.Debug|x86.ActiveCfg = Debug|x64
		{3C7C6A8D-86DD-4EBC-A0BB-7BDE02C7E97C}.Debug|x86.Build.0 = Debug|x64
		{3C7C6A8D-86DD-4EBC-A0BB-7BDE02C7E97C}.Release|x64.ActiveCfg = Release|x64
		{3C7C6A8D-86DD-4EBC-A0BB-7BDE02C7E97C}.Release|x64.Build.0 = Release|x64
		{3C7C6A8D-86DD-4EBC-A0BB-7BDE02C7E97C}.Release|x86.ActiveCfg = Release|x64
		{3C7C6A8D-86DD-4EBC-A0BB-7BDE02C7E97C}.Release|x86.Build.0 = Release|x64
		{BD40C449-4758-4C0E-A129-4BA541417A23}.Debug|x64.ActiveCfg = Debug|x64
		{BD40C449-4758-4C0E-A129-4BA541417A23}.Debug|x64.Build.0 = Debug|x64
		{BD40C449-4758-4C0E-A129-4BA541417A23}.Debug|x86.ActiveCfg = Debug|x64
		{BD40C449-4758-4C0E-A129-4BA541417A23}.Debug|x86.Build.0 = Debug|x64
		{BD40C449-4758-4C0E-A129-4BA541417A23}.Release|x64.ActiveCfg = Release|x64
		{BD40C449-4758-4C0E-A129-4BA541417A23}.Release|x64.Build.0 = Release|x64
		{BD40C449-4758-4C0E-A129-4BA541417A23}.Release|x86.ActiveCfg = Release|x64
		{BD40C449-4758-4C0E-A129-4BA541417A23}.Release|x86.Build.0 = Release|x64
		{372F5623-DC81-4BF1-A414-F20A27B2B657}.Debug|x64.ActiveCfg = Debug|x64
		{372F5623-DC81-4BF1-A414-F20A27B2B657}.Debug|x64.Build.0 = Debug|x64
		{372F5623-DC81-4BF1-A414-F20A27B2B657}.Debug|x86.ActiveCfg = Debug|x64
		{372F5623-DC81-4BF1-A414-F20A27B2B657}.Debug|x86.Build.0 = Debug|x64
		{372F5623-DC81-4BF1-A414-F20A27B2B657}.Release|x64.ActiveCfg = Release|x64
		{372F5623-DC81-4BF1-A414-F20A27B2B657}.Release|x64.Build.0 = Release|x64
		{372F5623-DC81-4BF1-A414-F20A27B2B657}.Release|x86.ActiveCfg = Release|x64
		{372F5623-DC81-4BF1-A414-F20A27B2B657}.Release|x86.Build.0 = Release|x64
		{67D490E8-38D9-4C98-B476-A27F40277B30}.Debug|x64.ActiveCfg = Debug|x64
		{67D490E8-38D9-4C98-B476-A27F40277B30}.Debug|x64.Build.0 = Debug|x64
		{67D490E8-38D9-4C98-B476-A27F40277B30}.Debug|x86.ActiveCfg = Debug|x64
		{67D490E8-38D9-4C98-B476-A27F40277B30}.Debug|x86.Build.0 = Debug|x64
		{67D490E8-38D9-4C98-B476-A27F40277B30}.Release|x64.ActiveCfg = Release|x64
		{67D490E8-38D9-4C98-B476-A27F40277B30}.Release|x64.Build.0 = Release|x64
		{67D490E8-38D9-4C98-B476-A27F40277B30}.Release|x86.ActiveCfg = Release|x64
		{67D490E8-38D9-4C98-B476-A27F40277B30}.Release|x86.Build.0 = Release|x64
		{F0D2A6F6-D796-465E-8FAE-124F38F9F524}.Debug|x64.ActiveCfg = Debug|x64
		{F0D2A6F6-D796-465E-8FAE-124F38F9F524}.Debug|x64.Build.0 = Debug|x64
		{F0D2A6F6-D796-465E-8FAE-124F38F9F524}.Debug|x86.ActiveCfg = Debug|x64
		{F0D2A6F6-D796-465E-8FAE-124F38F9F524}.Debug|x86.Build.0 = Debug|x64
		{F0D2A6F6-D796-465E-8FAE-124F38F9F524}.Release|x64.ActiveCfg = Release|x64
		{F0D2A6F6-D796-465E-8FAE-124F38F9F524}.Release|x64.Build.0 = Release|x64
		{F0D2A6F6-D796-465E-8FAE-124F38F9F524}.Release|x86.ActiveCfg = Release|x64
		{F0D2A6F6-D796-465E-8FAE-124F38F9F524}.Release|x86.Build.0 = Release|x64
		{57A1C344-7587-433B-A98B-FAC47ECA549E}.Debug|x64.ActiveCfg = Debug|x64
		{57A1C344-7587-433B-A98B-FAC47ECA549E}.Debug|x64.Build.0 = Debug|x64
		{57A1C344-7587-433B-A98B-FAC47ECA549E}.Debug|x86.ActiveCfg = Debug|x64
		{57A1C344-7587-433B-A98B-FAC47ECA549E}.Debug|x86.Build.0 = Debug|x64
		{57A1C344-7587-433B-A98B-FAC47ECA549E}.Release|x64.ActiveCfg = Release|x64
		{57A1C344-7587-433B-A98B-FAC47ECA549E}.Release|x64.Build.0 = Release|x64
		{57A1C344-7587-433B-A98B-FAC47ECA549E}.Release|x86.ActiveCfg = Release|x64
		{57A1C344-7587-433B-A98B-FAC47ECA549E}.Release|x86.Build.0 = Release|x64
		{2689553F-0237-4619-A79E-CBBF9569B546}.Debug|x64.ActiveCfg = Debug|x64
		{2689553F-0237-4619-A79E-CBBF9569B546}.Debug|x64.Build.0 = Debug|x64
		{2689553F-0237-4619-A79E-CBBF9569B546}.Debug|x86.ActiveCfg = Debug|x64
		{2689553F-0237-4619-A79E-CBBF9569B546}.Debug|x86.Build.0 = Debug|x64
		{2689553F-0237-4619-A79E-CBBF9569B546}.Release|x64.ActiveCfg = Release|x64
		{2689553F-0237-4619-A79E-CBBF9569B546}.Release|x64.Build.0 = Release|x64
		{2689553F-0237-4619-A79E-CBBF9569B546}.Release|x86.ActiveCfg = Release|x64
		{2689553F-0237-4619-A79E-CBBF9569B546}.Release|x86.Build.0 = Release|x64
		{CE3952F2-EFD9-474D-ABB3-E168284469FC}.Debug|x64.ActiveCfg = Debug|x64
		{CE3952F2-EFD9-474D-ABB3-E168284469FC}.Debug|x64.Build.0 = Debug|x64
		{CE3952F2-EFD9-474D-ABB3-E168284469FC}.Debug|x86.ActiveCfg = Debug|x64
		{CE3952F2-EFD9-474D-ABB3-E168284469FC}.Debug|x86.Build.0 = Debug|x64
		{CE3952F2-EFD9-474D-ABB3-E168284469FC}.Release|x64.ActiveCfg = Release|x64
		{CE3952F2-EFD9-474D-ABB3-E168284469FC}.Release|x64.Build.0 = Release|x64
		{CE3952F2-EFD9-474D-ABB3-E168284469FC}.Release|x86.ActiveCfg = Release|x64
		{CE3952F2-EFD9-474D-ABB3-E168284469FC}.Release|x86.Build.0 = Release|x64
		{A7576CFD-7A08-49F2-AC41-0F746ACE3595}.Debug|x64.ActiveCfg = Debug|x64
		{A7576CFD-7A08-49F2-AC41-0F746ACE3595}.Debug|x64.Build.0 = Debug|x64
		{A7576CFD-7A08-49F2-AC41-0F746ACE3595}.Debug|x86.ActiveCfg = Debug|x64
		{A7576CFD-7A08-49F2-AC41-0F746ACE3595}.Debug|x86.Build.0 = Debug|x64
		{A7576CFD-7A08-49F2-AC41-0F746ACE3595}.Release|x64.ActiveCfg = Release|x64
		{A7576CFD-7A08-49F2-AC41-0F746ACE3595}.Release|x64.Build.0 = Release|x64
		{A7576CFD-7A08-49F2-AC41-0F746ACE3595}.Release|x86.ActiveCfg = Release|x64
		{A7576CFD-7A08-49F2-AC41-0F746ACE3595}.Release|x86.Build.0 = Release|x64
		{6D9A460B-73A6-4AE5-A9B4-56A6C34F1B9A}.Debug|x64.ActiveCfg = Debug|x64
		{6D9A460B-73A6-4AE5-A9B4-56A6C34F1B9A}.Debug|x64.Build.0 = Debug|x64
		{6D9A460B-73A6-4AE5-A9B4-56A6C34F1B9A}.Debug|x86.ActiveCfg = Debug|x64
		{6D9A460B-73A6-4AE5-A9B4-56A6C34F1B9A}.Debug|x86.Build.0 = Debug|x64
		{6D9A460B-73A6-4AE5-A9B4-56A6C34F1B9A}.Release|x64.ActiveCfg = Release|x64
		{6D9A460B-73A6-4AE5-A9B4-56A6C34F1B9A}.Release|x64.Build.0 = Release|x64
		{6D9A460B-73A6-4AE5-A9B4-56A6C34F1B9A}.Release|x86.ActiveCfg = Release|x64
		{6D9A460B-73A6-4AE5-A9B4-56A6C34F1B9A}.Release|x86.Build.0 = Release|x64
	EndGlobalSection
	GlobalSection(SolutionProperties) = preSolution
		HideSolutionNode = FALSE
	EndGlobalSection
	GlobalSection(ExtensibilityGlobals) = postSolution
		SolutionGuid = {9CFA34C8-E76C-4DAA-998C-4ABDCBF04EF6}
	EndGlobalSection
EndGlobal
