
Microsoft Visual Studio Solution File, Format Version 12.00
# Visual Studio Version 17
VisualStudioVersion = 17.0.31903.59
MinimumVisualStudioVersion = 10.0.40219.1
Project("{FAE04EC0-301F-11D3-BF4B-00C04F79EFBC}") = "EmojiWindowDemo_x86", "EmojiWindowDemo_x86\EmojiWindowDemo_x86.csproj", "{A1B2C3D4-E5F6-4A5B-8C9D-0E1F2A3B4C5D}"
EndProject
Project("{FAE04EC0-301F-11D3-BF4B-00C04F79EFBC}") = "EmojiWindowDemo_x64", "EmojiWindowDemo_x64\EmojiWindowDemo_x64.csproj", "{B2C3D4E5-F6A7-4B5C-9D0E-1F2A3B4C5D6E}"
EndProject
Project("{FAE04EC0-301F-11D3-BF4B-00C04F79EFBC}") = "EmojiWindowTabControlDemo", "EmojiWindowTabControlDemo\EmojiWindowTabControlDemo.csproj", "{C3D4E5F6-A7B8-4C9D-8E0F-1A2B3C4D5E6F}"
EndProject
Project("{FAE04EC0-301F-11D3-BF4B-00C04F79EFBC}") = "EmojiWindowButtonDemo", "EmojiWindowButtonDemo\EmojiWindowButtonDemo.csproj", "{48CE8AD1-C5F0-4136-B74D-AFAE23FA084B}"
EndProject
Project("{FAE04EC0-301F-11D3-BF4B-00C04F79EFBC}") = "EmojiWindowCheckBoxDemo", "EmojiWindowCheckBoxDemo\EmojiWindowCheckBoxDemo.csproj", "{C4EDADB5-3B96-4C7B-B8B4-C329AD4337D1}"
EndProject
Project("{FAE04EC0-301F-11D3-BF4B-00C04F79EFBC}") = "EmojiWindowColorEmojiEditBoxDemo", "EmojiWindowColorEmojiEditBoxDemo\EmojiWindowColorEmojiEditBoxDemo.csproj", "{4C84F9AB-ACAC-409B-BD61-0F0C554340D8}"
EndProject
Project("{FAE04EC0-301F-11D3-BF4B-00C04F79EFBC}") = "EmojiWindowComboBoxDemo", "EmojiWindowComboBoxDemo\EmojiWindowComboBoxDemo.csproj", "{1FAE28FE-7819-4577-B540-504F9480E0FB}"
EndProject
Project("{FAE04EC0-301F-11D3-BF4B-00C04F79EFBC}") = "EmojiWindowConfirmBoxDemo", "EmojiWindowConfirmBoxDemo\EmojiWindowConfirmBoxDemo.csproj", "{D7FD73FA-DDC4-493A-9468-714D1DB1B21D}"
EndProject
Project("{FAE04EC0-301F-11D3-BF4B-00C04F79EFBC}") = "EmojiWindowD2DComboBoxDemo", "EmojiWindowD2DComboBoxDemo\EmojiWindowD2DComboBoxDemo.csproj", "{BDCA192E-B7AD-4F0E-9F6F-F31309241814}"
EndProject
Project("{FAE04EC0-301F-11D3-BF4B-00C04F79EFBC}") = "EmojiWindowDataGridViewDemo", "EmojiWindowDataGridViewDemo\EmojiWindowDataGridViewDemo.csproj", "{26B4CAF3-150B-4CF7-886C-297DFD5165F1}"
EndProject
Project("{FAE04EC0-301F-11D3-BF4B-00C04F79EFBC}") = "EmojiWindowDateTimePickerDemo", "EmojiWindowDateTimePickerDemo\EmojiWindowDateTimePickerDemo.csproj", "{91337E9E-CE0F-4488-BAF8-BBF3836FC165}"
EndProject
Project("{FAE04EC0-301F-11D3-BF4B-00C04F79EFBC}") = "EmojiWindowEditBoxDemo", "EmojiWindowEditBoxDemo\EmojiWindowEditBoxDemo.csproj", "{66E365D7-9FFD-4809-AFC3-7B5547769FF7}"
EndProject
Project("{FAE04EC0-301F-11D3-BF4B-00C04F79EFBC}") = "EmojiWindowGroupBoxDemo", "EmojiWindowGroupBoxDemo\EmojiWindowGroupBoxDemo.csproj", "{769380CB-0792-461E-9AAB-C9F6C24C93DE}"
EndProject
Project("{FAE04EC0-301F-11D3-BF4B-00C04F79EFBC}") = "EmojiWindowHotKeyDemo", "EmojiWindowHotKeyDemo\EmojiWindowHotKeyDemo.csproj", "{7049CEA2-4D48-45D1-B3D5-6B3982EBC940}"
EndProject
Project("{FAE04EC0-301F-11D3-BF4B-00C04F79EFBC}") = "EmojiWindowLabelDemo", "EmojiWindowLabelDemo\EmojiWindowLabelDemo.csproj", "{E334F680-5484-4B0B-81B8-660B3A5CBE68}"
EndProject
Project("{FAE04EC0-301F-11D3-BF4B-00C04F79EFBC}") = "EmojiWindowListBoxDemo", "EmojiWindowListBoxDemo\EmojiWindowListBoxDemo.csproj", "{C02C2533-A758-4298-861F-B16C449BF8E5}"
EndProject
Project("{FAE04EC0-301F-11D3-BF4B-00C04F79EFBC}") = "EmojiWindowMenuBarDemo", "EmojiWindowMenuBarDemo\EmojiWindowMenuBarDemo.csproj", "{74D02A6C-E282-4AF6-B261-75B1C043793A}"
EndProject
Project("{FAE04EC0-301F-11D3-BF4B-00C04F79EFBC}") = "EmojiWindowMessageBoxDemo", "EmojiWindowMessageBoxDemo\EmojiWindowMessageBoxDemo.csproj", "{6ABE9FD3-E5A7-457D-B6FE-B09221C7853B}"
EndProject
Project("{FAE04EC0-301F-11D3-BF4B-00C04F79EFBC}") = "EmojiWindowNotificationDemo", "EmojiWindowNotificationDemo\EmojiWindowNotificationDemo.csproj", "{8183AC44-35CD-4428-B033-E64A8FAB7431}"
EndProject
Project("{FAE04EC0-301F-11D3-BF4B-00C04F79EFBC}") = "EmojiWindowPanelDemo", "EmojiWindowPanelDemo\EmojiWindowPanelDemo.csproj", "{0C33DD4D-1AFC-4E6C-A73E-35717D47971F}"
EndProject
Project("{FAE04EC0-301F-11D3-BF4B-00C04F79EFBC}") = "EmojiWindowPictureBoxDemo", "EmojiWindowPictureBoxDemo\EmojiWindowPictureBoxDemo.csproj", "{FF3C9F6A-0BA1-4357-9B93-B0A1AF8503F5}"
EndProject
Project("{FAE04EC0-301F-11D3-BF4B-00C04F79EFBC}") = "EmojiWindowPopupMenuDemo", "EmojiWindowPopupMenuDemo\EmojiWindowPopupMenuDemo.csproj", "{D95F7480-E958-4340-946A-FFEF164323C4}"
EndProject
Project("{FAE04EC0-301F-11D3-BF4B-00C04F79EFBC}") = "EmojiWindowProgressBarDemo", "EmojiWindowProgressBarDemo\EmojiWindowProgressBarDemo.csproj", "{8196EC92-E14C-4084-AE38-750D9DA3899E}"
EndProject
Project("{FAE04EC0-301F-11D3-BF4B-00C04F79EFBC}") = "EmojiWindowRadioButtonDemo", "EmojiWindowRadioButtonDemo\EmojiWindowRadioButtonDemo.csproj", "{83288370-8AE5-431A-BF94-2D478026498B}"
EndProject
Project("{FAE04EC0-301F-11D3-BF4B-00C04F79EFBC}") = "EmojiWindowSliderDemo", "EmojiWindowSliderDemo\EmojiWindowSliderDemo.csproj", "{7924515B-6936-4FFA-AE98-9592D2F71079}"
EndProject
Project("{FAE04EC0-301F-11D3-BF4B-00C04F79EFBC}") = "EmojiWindowSwitchDemo", "EmojiWindowSwitchDemo\EmojiWindowSwitchDemo.csproj", "{DCC54138-B33D-4DA8-8D14-A3D3CC96E148}"
EndProject
Project("{FAE04EC0-301F-11D3-BF4B-00C04F79EFBC}") = "EmojiWindowTooltipDemo", "EmojiWindowTooltipDemo\EmojiWindowTooltipDemo.csproj", "{E132E2FB-0B95-467C-A153-79999B60E3C1}"
EndProject
Project("{FAE04EC0-301F-11D3-BF4B-00C04F79EFBC}") = "EmojiWindowTreeViewDemo", "EmojiWindowTreeViewDemo\EmojiWindowTreeViewDemo.csproj", "{CE9BC32E-98B2-4F01-8B7F-403A21A667C0}"
EndProject
Project("{FAE04EC0-301F-11D3-BF4B-00C04F79EFBC}") = "EmojiWindowWindowDemo", "EmojiWindowWindowDemo\EmojiWindowWindowDemo.csproj", "{86FFE689-87C2-43C6-A9E7-5DB2E4909713}"
EndProject
Project("{FAE04EC0-301F-11D3-BF4B-00C04F79EFBC}") = "Emoji多标签浏览器", "Emoji多标签浏览器\Emoji多标签浏览器.csproj", "{51A81E0F-9154-4E08-8234-D286E59BA1E6}"
EndProject
Global
	GlobalSection(SolutionConfigurationPlatforms) = preSolution
		Debug|Any CPU = Debug|Any CPU
		Debug|x64 = Debug|x64
		Debug|x86 = Debug|x86
		Release|Any CPU = Release|Any CPU
		Release|x64 = Release|x64
		Release|x86 = Release|x86
	EndGlobalSection
	GlobalSection(ProjectConfigurationPlatforms) = postSolution
		{A1B2C3D4-E5F6-4A5B-8C9D-0E1F2A3B4C5D}.Debug|Any CPU.ActiveCfg = Debug|Any CPU
		{A1B2C3D4-E5F6-4A5B-8C9D-0E1F2A3B4C5D}.Debug|Any CPU.Build.0 = Debug|Any CPU
		{A1B2C3D4-E5F6-4A5B-8C9D-0E1F2A3B4C5D}.Debug|x64.ActiveCfg = Debug|x86
		{A1B2C3D4-E5F6-4A5B-8C9D-0E1F2A3B4C5D}.Debug|x86.ActiveCfg = Debug|x86
		{A1B2C3D4-E5F6-4A5B-8C9D-0E1F2A3B4C5D}.Debug|x86.Build.0 = Debug|x86
		{A1B2C3D4-E5F6-4A5B-8C9D-0E1F2A3B4C5D}.Release|Any CPU.ActiveCfg = Release|Any CPU
		{A1B2C3D4-E5F6-4A5B-8C9D-0E1F2A3B4C5D}.Release|Any CPU.Build.0 = Release|Any CPU
		{A1B2C3D4-E5F6-4A5B-8C9D-0E1F2A3B4C5D}.Release|x64.ActiveCfg = Release|x86
		{A1B2C3D4-E5F6-4A5B-8C9D-0E1F2A3B4C5D}.Release|x86.ActiveCfg = Release|x86
		{A1B2C3D4-E5F6-4A5B-8C9D-0E1F2A3B4C5D}.Release|x86.Build.0 = Release|x86
		{B2C3D4E5-F6A7-4B5C-9D0E-1F2A3B4C5D6E}.Debug|Any CPU.ActiveCfg = Debug|Any CPU
		{B2C3D4E5-F6A7-4B5C-9D0E-1F2A3B4C5D6E}.Debug|Any CPU.Build.0 = Debug|Any CPU
		{B2C3D4E5-F6A7-4B5C-9D0E-1F2A3B4C5D6E}.Debug|x64.ActiveCfg = Debug|x64
		{B2C3D4E5-F6A7-4B5C-9D0E-1F2A3B4C5D6E}.Debug|x64.Build.0 = Debug|x64
		{B2C3D4E5-F6A7-4B5C-9D0E-1F2A3B4C5D6E}.Debug|x86.ActiveCfg = Debug|x64
		{B2C3D4E5-F6A7-4B5C-9D0E-1F2A3B4C5D6E}.Release|Any CPU.ActiveCfg = Release|Any CPU
		{B2C3D4E5-F6A7-4B5C-9D0E-1F2A3B4C5D6E}.Release|Any CPU.Build.0 = Release|Any CPU
		{B2C3D4E5-F6A7-4B5C-9D0E-1F2A3B4C5D6E}.Release|x64.ActiveCfg = Release|x64
		{B2C3D4E5-F6A7-4B5C-9D0E-1F2A3B4C5D6E}.Release|x64.Build.0 = Release|x64
		{B2C3D4E5-F6A7-4B5C-9D0E-1F2A3B4C5D6E}.Release|x86.ActiveCfg = Release|x64
		{C3D4E5F6-A7B8-4C9D-8E0F-1A2B3C4D5E6F}.Debug|Any CPU.ActiveCfg = Debug|Any CPU
		{C3D4E5F6-A7B8-4C9D-8E0F-1A2B3C4D5E6F}.Debug|Any CPU.Build.0 = Debug|Any CPU
		{C3D4E5F6-A7B8-4C9D-8E0F-1A2B3C4D5E6F}.Debug|x64.ActiveCfg = Debug|x64
		{C3D4E5F6-A7B8-4C9D-8E0F-1A2B3C4D5E6F}.Debug|x64.Build.0 = Debug|x64
		{C3D4E5F6-A7B8-4C9D-8E0F-1A2B3C4D5E6F}.Debug|x86.ActiveCfg = Debug|x86
		{C3D4E5F6-A7B8-4C9D-8E0F-1A2B3C4D5E6F}.Debug|x86.Build.0 = Debug|x86
		{C3D4E5F6-A7B8-4C9D-8E0F-1A2B3C4D5E6F}.Release|Any CPU.ActiveCfg = Release|Any CPU
		{C3D4E5F6-A7B8-4C9D-8E0F-1A2B3C4D5E6F}.Release|Any CPU.Build.0 = Release|Any CPU
		{C3D4E5F6-A7B8-4C9D-8E0F-1A2B3C4D5E6F}.Release|x64.ActiveCfg = Release|x64
		{C3D4E5F6-A7B8-4C9D-8E0F-1A2B3C4D5E6F}.Release|x64.Build.0 = Release|x64
		{C3D4E5F6-A7B8-4C9D-8E0F-1A2B3C4D5E6F}.Release|x86.ActiveCfg = Release|x86
		{C3D4E5F6-A7B8-4C9D-8E0F-1A2B3C4D5E6F}.Release|x86.Build.0 = Release|x86
		{48CE8AD1-C5F0-4136-B74D-AFAE23FA084B}.Debug|Any CPU.ActiveCfg = Debug|x64
		{48CE8AD1-C5F0-4136-B74D-AFAE23FA084B}.Debug|Any CPU.Build.0 = Debug|x64
		{48CE8AD1-C5F0-4136-B74D-AFAE23FA084B}.Debug|x64.ActiveCfg = Debug|x64
		{48CE8AD1-C5F0-4136-B74D-AFAE23FA084B}.Debug|x64.Build.0 = Debug|x64
		{48CE8AD1-C5F0-4136-B74D-AFAE23FA084B}.Debug|x86.ActiveCfg = Debug|x86
		{48CE8AD1-C5F0-4136-B74D-AFAE23FA084B}.Debug|x86.Build.0 = Debug|x86
		{48CE8AD1-C5F0-4136-B74D-AFAE23FA084B}.Release|Any CPU.ActiveCfg = Release|x64
		{48CE8AD1-C5F0-4136-B74D-AFAE23FA084B}.Release|Any CPU.Build.0 = Release|x64
		{48CE8AD1-C5F0-4136-B74D-AFAE23FA084B}.Release|x64.ActiveCfg = Release|x64
		{48CE8AD1-C5F0-4136-B74D-AFAE23FA084B}.Release|x64.Build.0 = Release|x64
		{48CE8AD1-C5F0-4136-B74D-AFAE23FA084B}.Release|x86.ActiveCfg = Release|x86
		{48CE8AD1-C5F0-4136-B74D-AFAE23FA084B}.Release|x86.Build.0 = Release|x86
		{C4EDADB5-3B96-4C7B-B8B4-C329AD4337D1}.Debug|Any CPU.ActiveCfg = Debug|x64
		{C4EDADB5-3B96-4C7B-B8B4-C329AD4337D1}.Debug|Any CPU.Build.0 = Debug|x64
		{C4EDADB5-3B96-4C7B-B8B4-C329AD4337D1}.Debug|x64.ActiveCfg = Debug|x64
		{C4EDADB5-3B96-4C7B-B8B4-C329AD4337D1}.Debug|x64.Build.0 = Debug|x64
		{C4EDADB5-3B96-4C7B-B8B4-C329AD4337D1}.Debug|x86.ActiveCfg = Debug|x86
		{C4EDADB5-3B96-4C7B-B8B4-C329AD4337D1}.Debug|x86.Build.0 = Debug|x86
		{C4EDADB5-3B96-4C7B-B8B4-C329AD4337D1}.Release|Any CPU.ActiveCfg = Release|x64
		{C4EDADB5-3B96-4C7B-B8B4-C329AD4337D1}.Release|Any CPU.Build.0 = Release|x64
		{C4EDADB5-3B96-4C7B-B8B4-C329AD4337D1}.Release|x64.ActiveCfg = Release|x64
		{C4EDADB5-3B96-4C7B-B8B4-C329AD4337D1}.Release|x64.Build.0 = Release|x64
		{C4EDADB5-3B96-4C7B-B8B4-C329AD4337D1}.Release|x86.ActiveCfg = Release|x86
		{C4EDADB5-3B96-4C7B-B8B4-C329AD4337D1}.Release|x86.Build.0 = Release|x86
		{4C84F9AB-ACAC-409B-BD61-0F0C554340D8}.Debug|Any CPU.ActiveCfg = Debug|x64
		{4C84F9AB-ACAC-409B-BD61-0F0C554340D8}.Debug|Any CPU.Build.0 = Debug|x64
		{4C84F9AB-ACAC-409B-BD61-0F0C554340D8}.Debug|x64.ActiveCfg = Debug|x64
		{4C84F9AB-ACAC-409B-BD61-0F0C554340D8}.Debug|x64.Build.0 = Debug|x64
		{4C84F9AB-ACAC-409B-BD61-0F0C554340D8}.Debug|x86.ActiveCfg = Debug|x86
		{4C84F9AB-ACAC-409B-BD61-0F0C554340D8}.Debug|x86.Build.0 = Debug|x86
		{4C84F9AB-ACAC-409B-BD61-0F0C554340D8}.Release|Any CPU.ActiveCfg = Release|x64
		{4C84F9AB-ACAC-409B-BD61-0F0C554340D8}.Release|Any CPU.Build.0 = Release|x64
		{4C84F9AB-ACAC-409B-BD61-0F0C554340D8}.Release|x64.ActiveCfg = Release|x64
		{4C84F9AB-ACAC-409B-BD61-0F0C554340D8}.Release|x64.Build.0 = Release|x64
		{4C84F9AB-ACAC-409B-BD61-0F0C554340D8}.Release|x86.ActiveCfg = Release|x86
		{4C84F9AB-ACAC-409B-BD61-0F0C554340D8}.Release|x86.Build.0 = Release|x86
		{1FAE28FE-7819-4577-B540-504F9480E0FB}.Debug|Any CPU.ActiveCfg = Debug|x64
		{1FAE28FE-7819-4577-B540-504F9480E0FB}.Debug|Any CPU.Build.0 = Debug|x64
		{1FAE28FE-7819-4577-B540-504F9480E0FB}.Debug|x64.ActiveCfg = Debug|x64
		{1FAE28FE-7819-4577-B540-504F9480E0FB}.Debug|x64.Build.0 = Debug|x64
		{1FAE28FE-7819-4577-B540-504F9480E0FB}.Debug|x86.ActiveCfg = Debug|x86
		{1FAE28FE-7819-4577-B540-504F9480E0FB}.Debug|x86.Build.0 = Debug|x86
		{1FAE28FE-7819-4577-B540-504F9480E0FB}.Release|Any CPU.ActiveCfg = Release|x64
		{1FAE28FE-7819-4577-B540-504F9480E0FB}.Release|Any CPU.Build.0 = Release|x64
		{1FAE28FE-7819-4577-B540-504F9480E0FB}.Release|x64.ActiveCfg = Release|x64
		{1FAE28FE-7819-4577-B540-504F9480E0FB}.Release|x64.Build.0 = Release|x64
		{1FAE28FE-7819-4577-B540-504F9480E0FB}.Release|x86.ActiveCfg = Release|x86
		{1FAE28FE-7819-4577-B540-504F9480E0FB}.Release|x86.Build.0 = Release|x86
		{D7FD73FA-DDC4-493A-9468-714D1DB1B21D}.Debug|Any CPU.ActiveCfg = Debug|x64
		{D7FD73FA-DDC4-493A-9468-714D1DB1B21D}.Debug|Any CPU.Build.0 = Debug|x64
		{D7FD73FA-DDC4-493A-9468-714D1DB1B21D}.Debug|x64.ActiveCfg = Debug|x64
		{D7FD73FA-DDC4-493A-9468-714D1DB1B21D}.Debug|x64.Build.0 = Debug|x64
		{D7FD73FA-DDC4-493A-9468-714D1DB1B21D}.Debug|x86.ActiveCfg = Debug|x86
		{D7FD73FA-DDC4-493A-9468-714D1DB1B21D}.Debug|x86.Build.0 = Debug|x86
		{D7FD73FA-DDC4-493A-9468-714D1DB1B21D}.Release|Any CPU.ActiveCfg = Release|x64
		{D7FD73FA-DDC4-493A-9468-714D1DB1B21D}.Release|Any CPU.Build.0 = Release|x64
		{D7FD73FA-DDC4-493A-9468-714D1DB1B21D}.Release|x64.ActiveCfg = Release|x64
		{D7FD73FA-DDC4-493A-9468-714D1DB1B21D}.Release|x64.Build.0 = Release|x64
		{D7FD73FA-DDC4-493A-9468-714D1DB1B21D}.Release|x86.ActiveCfg = Release|x86
		{D7FD73FA-DDC4-493A-9468-714D1DB1B21D}.Release|x86.Build.0 = Release|x86
		{BDCA192E-B7AD-4F0E-9F6F-F31309241814}.Debug|Any CPU.ActiveCfg = Debug|x64
		{BDCA192E-B7AD-4F0E-9F6F-F31309241814}.Debug|Any CPU.Build.0 = Debug|x64
		{BDCA192E-B7AD-4F0E-9F6F-F31309241814}.Debug|x64.ActiveCfg = Debug|x64
		{BDCA192E-B7AD-4F0E-9F6F-F31309241814}.Debug|x64.Build.0 = Debug|x64
		{BDCA192E-B7AD-4F0E-9F6F-F31309241814}.Debug|x86.ActiveCfg = Debug|x86
		{BDCA192E-B7AD-4F0E-9F6F-F31309241814}.Debug|x86.Build.0 = Debug|x86
		{BDCA192E-B7AD-4F0E-9F6F-F31309241814}.Release|Any CPU.ActiveCfg = Release|x64
		{BDCA192E-B7AD-4F0E-9F6F-F31309241814}.Release|Any CPU.Build.0 = Release|x64
		{BDCA192E-B7AD-4F0E-9F6F-F31309241814}.Release|x64.ActiveCfg = Release|x64
		{BDCA192E-B7AD-4F0E-9F6F-F31309241814}.Release|x64.Build.0 = Release|x64
		{BDCA192E-B7AD-4F0E-9F6F-F31309241814}.Release|x86.ActiveCfg = Release|x86
		{BDCA192E-B7AD-4F0E-9F6F-F31309241814}.Release|x86.Build.0 = Release|x86
		{26B4CAF3-150B-4CF7-886C-297DFD5165F1}.Debug|Any CPU.ActiveCfg = Debug|x64
		{26B4CAF3-150B-4CF7-886C-297DFD5165F1}.Debug|Any CPU.Build.0 = Debug|x64
		{26B4CAF3-150B-4CF7-886C-297DFD5165F1}.Debug|x64.ActiveCfg = Debug|x64
		{26B4CAF3-150B-4CF7-886C-297DFD5165F1}.Debug|x64.Build.0 = Debug|x64
		{26B4CAF3-150B-4CF7-886C-297DFD5165F1}.Debug|x86.ActiveCfg = Debug|x86
		{26B4CAF3-150B-4CF7-886C-297DFD5165F1}.Debug|x86.Build.0 = Debug|x86
		{26B4CAF3-150B-4CF7-886C-297DFD5165F1}.Release|Any CPU.ActiveCfg = Release|x64
		{26B4CAF3-150B-4CF7-886C-297DFD5165F1}.Release|Any CPU.Build.0 = Release|x64
		{26B4CAF3-150B-4CF7-886C-297DFD5165F1}.Release|x64.ActiveCfg = Release|x64
		{26B4CAF3-150B-4CF7-886C-297DFD5165F1}.Release|x64.Build.0 = Release|x64
		{26B4CAF3-150B-4CF7-886C-297DFD5165F1}.Release|x86.ActiveCfg = Release|x86
		{26B4CAF3-150B-4CF7-886C-297DFD5165F1}.Release|x86.Build.0 = Release|x86
		{91337E9E-CE0F-4488-BAF8-BBF3836FC165}.Debug|Any CPU.ActiveCfg = Debug|x64
		{91337E9E-CE0F-4488-BAF8-BBF3836FC165}.Debug|Any CPU.Build.0 = Debug|x64
		{91337E9E-CE0F-4488-BAF8-BBF3836FC165}.Debug|x64.ActiveCfg = Debug|x64
		{91337E9E-CE0F-4488-BAF8-BBF3836FC165}.Debug|x64.Build.0 = Debug|x64
		{91337E9E-CE0F-4488-BAF8-BBF3836FC165}.Debug|x86.ActiveCfg = Debug|x86
		{91337E9E-CE0F-4488-BAF8-BBF3836FC165}.Debug|x86.Build.0 = Debug|x86
		{91337E9E-CE0F-4488-BAF8-BBF3836FC165}.Release|Any CPU.ActiveCfg = Release|x64
		{91337E9E-CE0F-4488-BAF8-BBF3836FC165}.Release|Any CPU.Build.0 = Release|x64
		{91337E9E-CE0F-4488-BAF8-BBF3836FC165}.Release|x64.ActiveCfg = Release|x64
		{91337E9E-CE0F-4488-BAF8-BBF3836FC165}.Release|x64.Build.0 = Release|x64
		{91337E9E-CE0F-4488-BAF8-BBF3836FC165}.Release|x86.ActiveCfg = Release|x86
		{91337E9E-CE0F-4488-BAF8-BBF3836FC165}.Release|x86.Build.0 = Release|x86
		{66E365D7-9FFD-4809-AFC3-7B5547769FF7}.Debug|Any CPU.ActiveCfg = Debug|x64
		{66E365D7-9FFD-4809-AFC3-7B5547769FF7}.Debug|Any CPU.Build.0 = Debug|x64
		{66E365D7-9FFD-4809-AFC3-7B5547769FF7}.Debug|x64.ActiveCfg = Debug|x64
		{66E365D7-9FFD-4809-AFC3-7B5547769FF7}.Debug|x64.Build.0 = Debug|x64
		{66E365D7-9FFD-4809-AFC3-7B5547769FF7}.Debug|x86.ActiveCfg = Debug|x86
		{66E365D7-9FFD-4809-AFC3-7B5547769FF7}.Debug|x86.Build.0 = Debug|x86
		{66E365D7-9FFD-4809-AFC3-7B5547769FF7}.Release|Any CPU.ActiveCfg = Release|x64
		{66E365D7-9FFD-4809-AFC3-7B5547769FF7}.Release|Any CPU.Build.0 = Release|x64
		{66E365D7-9FFD-4809-AFC3-7B5547769FF7}.Release|x64.ActiveCfg = Release|x64
		{66E365D7-9FFD-4809-AFC3-7B5547769FF7}.Release|x64.Build.0 = Release|x64
		{66E365D7-9FFD-4809-AFC3-7B5547769FF7}.Release|x86.ActiveCfg = Release|x86
		{66E365D7-9FFD-4809-AFC3-7B5547769FF7}.Release|x86.Build.0 = Release|x86
		{769380CB-0792-461E-9AAB-C9F6C24C93DE}.Debug|Any CPU.ActiveCfg = Debug|x64
		{769380CB-0792-461E-9AAB-C9F6C24C93DE}.Debug|Any CPU.Build.0 = Debug|x64
		{769380CB-0792-461E-9AAB-C9F6C24C93DE}.Debug|x64.ActiveCfg = Debug|x64
		{769380CB-0792-461E-9AAB-C9F6C24C93DE}.Debug|x64.Build.0 = Debug|x64
		{769380CB-0792-461E-9AAB-C9F6C24C93DE}.Debug|x86.ActiveCfg = Debug|x86
		{769380CB-0792-461E-9AAB-C9F6C24C93DE}.Debug|x86.Build.0 = Debug|x86
		{769380CB-0792-461E-9AAB-C9F6C24C93DE}.Release|Any CPU.ActiveCfg = Release|x64
		{769380CB-0792-461E-9AAB-C9F6C24C93DE}.Release|Any CPU.Build.0 = Release|x64
		{769380CB-0792-461E-9AAB-C9F6C24C93DE}.Release|x64.ActiveCfg = Release|x64
		{769380CB-0792-461E-9AAB-C9F6C24C93DE}.Release|x64.Build.0 = Release|x64
		{769380CB-0792-461E-9AAB-C9F6C24C93DE}.Release|x86.ActiveCfg = Release|x86
		{769380CB-0792-461E-9AAB-C9F6C24C93DE}.Release|x86.Build.0 = Release|x86
		{7049CEA2-4D48-45D1-B3D5-6B3982EBC940}.Debug|Any CPU.ActiveCfg = Debug|x64
		{7049CEA2-4D48-45D1-B3D5-6B3982EBC940}.Debug|Any CPU.Build.0 = Debug|x64
		{7049CEA2-4D48-45D1-B3D5-6B3982EBC940}.Debug|x64.ActiveCfg = Debug|x64
		{7049CEA2-4D48-45D1-B3D5-6B3982EBC940}.Debug|x64.Build.0 = Debug|x64
		{7049CEA2-4D48-45D1-B3D5-6B3982EBC940}.Debug|x86.ActiveCfg = Debug|x86
		{7049CEA2-4D48-45D1-B3D5-6B3982EBC940}.Debug|x86.Build.0 = Debug|x86
		{7049CEA2-4D48-45D1-B3D5-6B3982EBC940}.Release|Any CPU.ActiveCfg = Release|x64
		{7049CEA2-4D48-45D1-B3D5-6B3982EBC940}.Release|Any CPU.Build.0 = Release|x64
		{7049CEA2-4D48-45D1-B3D5-6B3982EBC940}.Release|x64.ActiveCfg = Release|x64
		{7049CEA2-4D48-45D1-B3D5-6B3982EBC940}.Release|x64.Build.0 = Release|x64
		{7049CEA2-4D48-45D1-B3D5-6B3982EBC940}.Release|x86.ActiveCfg = Release|x86
		{7049CEA2-4D48-45D1-B3D5-6B3982EBC940}.Release|x86.Build.0 = Release|x86
		{E334F680-5484-4B0B-81B8-660B3A5CBE68}.Debug|Any CPU.ActiveCfg = Debug|x64
		{E334F680-5484-4B0B-81B8-660B3A5CBE68}.Debug|Any CPU.Build.0 = Debug|x64
		{E334F680-5484-4B0B-81B8-660B3A5CBE68}.Debug|x64.ActiveCfg = Debug|x64
		{E334F680-5484-4B0B-81B8-660B3A5CBE68}.Debug|x64.Build.0 = Debug|x64
		{E334F680-5484-4B0B-81B8-660B3A5CBE68}.Debug|x86.ActiveCfg = Debug|x86
		{E334F680-5484-4B0B-81B8-660B3A5CBE68}.Debug|x86.Build.0 = Debug|x86
		{E334F680-5484-4B0B-81B8-660B3A5CBE68}.Release|Any CPU.ActiveCfg = Release|x64
		{E334F680-5484-4B0B-81B8-660B3A5CBE68}.Release|Any CPU.Build.0 = Release|x64
		{E334F680-5484-4B0B-81B8-660B3A5CBE68}.Release|x64.ActiveCfg = Release|x64
		{E334F680-5484-4B0B-81B8-660B3A5CBE68}.Release|x64.Build.0 = Release|x64
		{E334F680-5484-4B0B-81B8-660B3A5CBE68}.Release|x86.ActiveCfg = Release|x86
		{E334F680-5484-4B0B-81B8-660B3A5CBE68}.Release|x86.Build.0 = Release|x86
		{C02C2533-A758-4298-861F-B16C449BF8E5}.Debug|Any CPU.ActiveCfg = Debug|x64
		{C02C2533-A758-4298-861F-B16C449BF8E5}.Debug|Any CPU.Build.0 = Debug|x64
		{C02C2533-A758-4298-861F-B16C449BF8E5}.Debug|x64.ActiveCfg = Debug|x64
		{C02C2533-A758-4298-861F-B16C449BF8E5}.Debug|x64.Build.0 = Debug|x64
		{C02C2533-A758-4298-861F-B16C449BF8E5}.Debug|x86.ActiveCfg = Debug|x86
		{C02C2533-A758-4298-861F-B16C449BF8E5}.Debug|x86.Build.0 = Debug|x86
		{C02C2533-A758-4298-861F-B16C449BF8E5}.Release|Any CPU.ActiveCfg = Release|x64
		{C02C2533-A758-4298-861F-B16C449BF8E5}.Release|Any CPU.Build.0 = Release|x64
		{C02C2533-A758-4298-861F-B16C449BF8E5}.Release|x64.ActiveCfg = Release|x64
		{C02C2533-A758-4298-861F-B16C449BF8E5}.Release|x64.Build.0 = Release|x64
		{C02C2533-A758-4298-861F-B16C449BF8E5}.Release|x86.ActiveCfg = Release|x86
		{C02C2533-A758-4298-861F-B16C449BF8E5}.Release|x86.Build.0 = Release|x86
		{74D02A6C-E282-4AF6-B261-75B1C043793A}.Debug|Any CPU.ActiveCfg = Debug|x64
		{74D02A6C-E282-4AF6-B261-75B1C043793A}.Debug|Any CPU.Build.0 = Debug|x64
		{74D02A6C-E282-4AF6-B261-75B1C043793A}.Debug|x64.ActiveCfg = Debug|x64
		{74D02A6C-E282-4AF6-B261-75B1C043793A}.Debug|x64.Build.0 = Debug|x64
		{74D02A6C-E282-4AF6-B261-75B1C043793A}.Debug|x86.ActiveCfg = Debug|x86
		{74D02A6C-E282-4AF6-B261-75B1C043793A}.Debug|x86.Build.0 = Debug|x86
		{74D02A6C-E282-4AF6-B261-75B1C043793A}.Release|Any CPU.ActiveCfg = Release|x64
		{74D02A6C-E282-4AF6-B261-75B1C043793A}.Release|Any CPU.Build.0 = Release|x64
		{74D02A6C-E282-4AF6-B261-75B1C043793A}.Release|x64.ActiveCfg = Release|x64
		{74D02A6C-E282-4AF6-B261-75B1C043793A}.Release|x64.Build.0 = Release|x64
		{74D02A6C-E282-4AF6-B261-75B1C043793A}.Release|x86.ActiveCfg = Release|x86
		{74D02A6C-E282-4AF6-B261-75B1C043793A}.Release|x86.Build.0 = Release|x86
		{6ABE9FD3-E5A7-457D-B6FE-B09221C7853B}.Debug|Any CPU.ActiveCfg = Debug|x64
		{6ABE9FD3-E5A7-457D-B6FE-B09221C7853B}.Debug|Any CPU.Build.0 = Debug|x64
		{6ABE9FD3-E5A7-457D-B6FE-B09221C7853B}.Debug|x64.ActiveCfg = Debug|x64
		{6ABE9FD3-E5A7-457D-B6FE-B09221C7853B}.Debug|x64.Build.0 = Debug|x64
		{6ABE9FD3-E5A7-457D-B6FE-B09221C7853B}.Debug|x86.ActiveCfg = Debug|x86
		{6ABE9FD3-E5A7-457D-B6FE-B09221C7853B}.Debug|x86.Build.0 = Debug|x86
		{6ABE9FD3-E5A7-457D-B6FE-B09221C7853B}.Release|Any CPU.ActiveCfg = Release|x64
		{6ABE9FD3-E5A7-457D-B6FE-B09221C7853B}.Release|Any CPU.Build.0 = Release|x64
		{6ABE9FD3-E5A7-457D-B6FE-B09221C7853B}.Release|x64.ActiveCfg = Release|x64
		{6ABE9FD3-E5A7-457D-B6FE-B09221C7853B}.Release|x64.Build.0 = Release|x64
		{6ABE9FD3-E5A7-457D-B6FE-B09221C7853B}.Release|x86.ActiveCfg = Release|x86
		{6ABE9FD3-E5A7-457D-B6FE-B09221C7853B}.Release|x86.Build.0 = Release|x86
		{8183AC44-35CD-4428-B033-E64A8FAB7431}.Debug|Any CPU.ActiveCfg = Debug|x64
		{8183AC44-35CD-4428-B033-E64A8FAB7431}.Debug|Any CPU.Build.0 = Debug|x64
		{8183AC44-35CD-4428-B033-E64A8FAB7431}.Debug|x64.ActiveCfg = Debug|x64
		{8183AC44-35CD-4428-B033-E64A8FAB7431}.Debug|x64.Build.0 = Debug|x64
		{8183AC44-35CD-4428-B033-E64A8FAB7431}.Debug|x86.ActiveCfg = Debug|x86
		{8183AC44-35CD-4428-B033-E64A8FAB7431}.Debug|x86.Build.0 = Debug|x86
		{8183AC44-35CD-4428-B033-E64A8FAB7431}.Release|Any CPU.ActiveCfg = Release|x64
		{8183AC44-35CD-4428-B033-E64A8FAB7431}.Release|Any CPU.Build.0 = Release|x64
		{8183AC44-35CD-4428-B033-E64A8FAB7431}.Release|x64.ActiveCfg = Release|x64
		{8183AC44-35CD-4428-B033-E64A8FAB7431}.Release|x64.Build.0 = Release|x64
		{8183AC44-35CD-4428-B033-E64A8FAB7431}.Release|x86.ActiveCfg = Release|x86
		{8183AC44-35CD-4428-B033-E64A8FAB7431}.Release|x86.Build.0 = Release|x86
		{0C33DD4D-1AFC-4E6C-A73E-35717D47971F}.Debug|Any CPU.ActiveCfg = Debug|x64
		{0C33DD4D-1AFC-4E6C-A73E-35717D47971F}.Debug|Any CPU.Build.0 = Debug|x64
		{0C33DD4D-1AFC-4E6C-A73E-35717D47971F}.Debug|x64.ActiveCfg = Debug|x64
		{0C33DD4D-1AFC-4E6C-A73E-35717D47971F}.Debug|x64.Build.0 = Debug|x64
		{0C33DD4D-1AFC-4E6C-A73E-35717D47971F}.Debug|x86.ActiveCfg = Debug|x86
		{0C33DD4D-1AFC-4E6C-A73E-35717D47971F}.Debug|x86.Build.0 = Debug|x86
		{0C33DD4D-1AFC-4E6C-A73E-35717D47971F}.Release|Any CPU.ActiveCfg = Release|x64
		{0C33DD4D-1AFC-4E6C-A73E-35717D47971F}.Release|Any CPU.Build.0 = Release|x64
		{0C33DD4D-1AFC-4E6C-A73E-35717D47971F}.Release|x64.ActiveCfg = Release|x64
		{0C33DD4D-1AFC-4E6C-A73E-35717D47971F}.Release|x64.Build.0 = Release|x64
		{0C33DD4D-1AFC-4E6C-A73E-35717D47971F}.Release|x86.ActiveCfg = Release|x86
		{0C33DD4D-1AFC-4E6C-A73E-35717D47971F}.Release|x86.Build.0 = Release|x86
		{FF3C9F6A-0BA1-4357-9B93-B0A1AF8503F5}.Debug|Any CPU.ActiveCfg = Debug|x64
		{FF3C9F6A-0BA1-4357-9B93-B0A1AF8503F5}.Debug|Any CPU.Build.0 = Debug|x64
		{FF3C9F6A-0BA1-4357-9B93-B0A1AF8503F5}.Debug|x64.ActiveCfg = Debug|x64
		{FF3C9F6A-0BA1-4357-9B93-B0A1AF8503F5}.Debug|x64.Build.0 = Debug|x64
		{FF3C9F6A-0BA1-4357-9B93-B0A1AF8503F5}.Debug|x86.ActiveCfg = Debug|x86
		{FF3C9F6A-0BA1-4357-9B93-B0A1AF8503F5}.Debug|x86.Build.0 = Debug|x86
		{FF3C9F6A-0BA1-4357-9B93-B0A1AF8503F5}.Release|Any CPU.ActiveCfg = Release|x64
		{FF3C9F6A-0BA1-4357-9B93-B0A1AF8503F5}.Release|Any CPU.Build.0 = Release|x64
		{FF3C9F6A-0BA1-4357-9B93-B0A1AF8503F5}.Release|x64.ActiveCfg = Release|x64
		{FF3C9F6A-0BA1-4357-9B93-B0A1AF8503F5}.Release|x64.Build.0 = Release|x64
		{FF3C9F6A-0BA1-4357-9B93-B0A1AF8503F5}.Release|x86.ActiveCfg = Release|x86
		{FF3C9F6A-0BA1-4357-9B93-B0A1AF8503F5}.Release|x86.Build.0 = Release|x86
		{D95F7480-E958-4340-946A-FFEF164323C4}.Debug|Any CPU.ActiveCfg = Debug|x64
		{D95F7480-E958-4340-946A-FFEF164323C4}.Debug|Any CPU.Build.0 = Debug|x64
		{D95F7480-E958-4340-946A-FFEF164323C4}.Debug|x64.ActiveCfg = Debug|x64
		{D95F7480-E958-4340-946A-FFEF164323C4}.Debug|x64.Build.0 = Debug|x64
		{D95F7480-E958-4340-946A-FFEF164323C4}.Debug|x86.ActiveCfg = Debug|x86
		{D95F7480-E958-4340-946A-FFEF164323C4}.Debug|x86.Build.0 = Debug|x86
		{D95F7480-E958-4340-946A-FFEF164323C4}.Release|Any CPU.ActiveCfg = Release|x64
		{D95F7480-E958-4340-946A-FFEF164323C4}.Release|Any CPU.Build.0 = Release|x64
		{D95F7480-E958-4340-946A-FFEF164323C4}.Release|x64.ActiveCfg = Release|x64
		{D95F7480-E958-4340-946A-FFEF164323C4}.Release|x64.Build.0 = Release|x64
		{D95F7480-E958-4340-946A-FFEF164323C4}.Release|x86.ActiveCfg = Release|x86
		{D95F7480-E958-4340-946A-FFEF164323C4}.Release|x86.Build.0 = Release|x86
		{8196EC92-E14C-4084-AE38-750D9DA3899E}.Debug|Any CPU.ActiveCfg = Debug|x64
		{8196EC92-E14C-4084-AE38-750D9DA3899E}.Debug|Any CPU.Build.0 = Debug|x64
		{8196EC92-E14C-4084-AE38-750D9DA3899E}.Debug|x64.ActiveCfg = Debug|x64
		{8196EC92-E14C-4084-AE38-750D9DA3899E}.Debug|x64.Build.0 = Debug|x64
		{8196EC92-E14C-4084-AE38-750D9DA3899E}.Debug|x86.ActiveCfg = Debug|x86
		{8196EC92-E14C-4084-AE38-750D9DA3899E}.Debug|x86.Build.0 = Debug|x86
		{8196EC92-E14C-4084-AE38-750D9DA3899E}.Release|Any CPU.ActiveCfg = Release|x64
		{8196EC92-E14C-4084-AE38-750D9DA3899E}.Release|Any CPU.Build.0 = Release|x64
		{8196EC92-E14C-4084-AE38-750D9DA3899E}.Release|x64.ActiveCfg = Release|x64
		{8196EC92-E14C-4084-AE38-750D9DA3899E}.Release|x64.Build.0 = Release|x64
		{8196EC92-E14C-4084-AE38-750D9DA3899E}.Release|x86.ActiveCfg = Release|x86
		{8196EC92-E14C-4084-AE38-750D9DA3899E}.Release|x86.Build.0 = Release|x86
		{83288370-8AE5-431A-BF94-2D478026498B}.Debug|Any CPU.ActiveCfg = Debug|x64
		{83288370-8AE5-431A-BF94-2D478026498B}.Debug|Any CPU.Build.0 = Debug|x64
		{83288370-8AE5-431A-BF94-2D478026498B}.Debug|x64.ActiveCfg = Debug|x64
		{83288370-8AE5-431A-BF94-2D478026498B}.Debug|x64.Build.0 = Debug|x64
		{83288370-8AE5-431A-BF94-2D478026498B}.Debug|x86.ActiveCfg = Debug|x86
		{83288370-8AE5-431A-BF94-2D478026498B}.Debug|x86.Build.0 = Debug|x86
		{83288370-8AE5-431A-BF94-2D478026498B}.Release|Any CPU.ActiveCfg = Release|x64
		{83288370-8AE5-431A-BF94-2D478026498B}.Release|Any CPU.Build.0 = Release|x64
		{83288370-8AE5-431A-BF94-2D478026498B}.Release|x64.ActiveCfg = Release|x64
		{83288370-8AE5-431A-BF94-2D478026498B}.Release|x64.Build.0 = Release|x64
		{83288370-8AE5-431A-BF94-2D478026498B}.Release|x86.ActiveCfg = Release|x86
		{83288370-8AE5-431A-BF94-2D478026498B}.Release|x86.Build.0 = Release|x86
		{7924515B-6936-4FFA-AE98-9592D2F71079}.Debug|Any CPU.ActiveCfg = Debug|x64
		{7924515B-6936-4FFA-AE98-9592D2F71079}.Debug|Any CPU.Build.0 = Debug|x64
		{7924515B-6936-4FFA-AE98-9592D2F71079}.Debug|x64.ActiveCfg = Debug|x64
		{7924515B-6936-4FFA-AE98-9592D2F71079}.Debug|x64.Build.0 = Debug|x64
		{7924515B-6936-4FFA-AE98-9592D2F71079}.Debug|x86.ActiveCfg = Debug|x86
		{7924515B-6936-4FFA-AE98-9592D2F71079}.Debug|x86.Build.0 = Debug|x86
		{7924515B-6936-4FFA-AE98-9592D2F71079}.Release|Any CPU.ActiveCfg = Release|x64
		{7924515B-6936-4FFA-AE98-9592D2F71079}.Release|Any CPU.Build.0 = Release|x64
		{7924515B-6936-4FFA-AE98-9592D2F71079}.Release|x64.ActiveCfg = Release|x64
		{7924515B-6936-4FFA-AE98-9592D2F71079}.Release|x64.Build.0 = Release|x64
		{7924515B-6936-4FFA-AE98-9592D2F71079}.Release|x86.ActiveCfg = Release|x86
		{7924515B-6936-4FFA-AE98-9592D2F71079}.Release|x86.Build.0 = Release|x86
		{DCC54138-B33D-4DA8-8D14-A3D3CC96E148}.Debug|Any CPU.ActiveCfg = Debug|x64
		{DCC54138-B33D-4DA8-8D14-A3D3CC96E148}.Debug|Any CPU.Build.0 = Debug|x64
		{DCC54138-B33D-4DA8-8D14-A3D3CC96E148}.Debug|x64.ActiveCfg = Debug|x64
		{DCC54138-B33D-4DA8-8D14-A3D3CC96E148}.Debug|x64.Build.0 = Debug|x64
		{DCC54138-B33D-4DA8-8D14-A3D3CC96E148}.Debug|x86.ActiveCfg = Debug|x86
		{DCC54138-B33D-4DA8-8D14-A3D3CC96E148}.Debug|x86.Build.0 = Debug|x86
		{DCC54138-B33D-4DA8-8D14-A3D3CC96E148}.Release|Any CPU.ActiveCfg = Release|x64
		{DCC54138-B33D-4DA8-8D14-A3D3CC96E148}.Release|Any CPU.Build.0 = Release|x64
		{DCC54138-B33D-4DA8-8D14-A3D3CC96E148}.Release|x64.ActiveCfg = Release|x64
		{DCC54138-B33D-4DA8-8D14-A3D3CC96E148}.Release|x64.Build.0 = Release|x64
		{DCC54138-B33D-4DA8-8D14-A3D3CC96E148}.Release|x86.ActiveCfg = Release|x86
		{DCC54138-B33D-4DA8-8D14-A3D3CC96E148}.Release|x86.Build.0 = Release|x86
		{E132E2FB-0B95-467C-A153-79999B60E3C1}.Debug|Any CPU.ActiveCfg = Debug|x64
		{E132E2FB-0B95-467C-A153-79999B60E3C1}.Debug|Any CPU.Build.0 = Debug|x64
		{E132E2FB-0B95-467C-A153-79999B60E3C1}.Debug|x64.ActiveCfg = Debug|x64
		{E132E2FB-0B95-467C-A153-79999B60E3C1}.Debug|x64.Build.0 = Debug|x64
		{E132E2FB-0B95-467C-A153-79999B60E3C1}.Debug|x86.ActiveCfg = Debug|x86
		{E132E2FB-0B95-467C-A153-79999B60E3C1}.Debug|x86.Build.0 = Debug|x86
		{E132E2FB-0B95-467C-A153-79999B60E3C1}.Release|Any CPU.ActiveCfg = Release|x64
		{E132E2FB-0B95-467C-A153-79999B60E3C1}.Release|Any CPU.Build.0 = Release|x64
		{E132E2FB-0B95-467C-A153-79999B60E3C1}.Release|x64.ActiveCfg = Release|x64
		{E132E2FB-0B95-467C-A153-79999B60E3C1}.Release|x64.Build.0 = Release|x64
		{E132E2FB-0B95-467C-A153-79999B60E3C1}.Release|x86.ActiveCfg = Release|x86
		{E132E2FB-0B95-467C-A153-79999B60E3C1}.Release|x86.Build.0 = Release|x86
		{CE9BC32E-98B2-4F01-8B7F-403A21A667C0}.Debug|Any CPU.ActiveCfg = Debug|x64
		{CE9BC32E-98B2-4F01-8B7F-403A21A667C0}.Debug|Any CPU.Build.0 = Debug|x64
		{CE9BC32E-98B2-4F01-8B7F-403A21A667C0}.Debug|x64.ActiveCfg = Debug|x64
		{CE9BC32E-98B2-4F01-8B7F-403A21A667C0}.Debug|x64.Build.0 = Debug|x64
		{CE9BC32E-98B2-4F01-8B7F-403A21A667C0}.Debug|x86.ActiveCfg = Debug|x86
		{CE9BC32E-98B2-4F01-8B7F-403A21A667C0}.Debug|x86.Build.0 = Debug|x86
		{CE9BC32E-98B2-4F01-8B7F-403A21A667C0}.Release|Any CPU.ActiveCfg = Release|x64
		{CE9BC32E-98B2-4F01-8B7F-403A21A667C0}.Release|Any CPU.Build.0 = Release|x64
		{CE9BC32E-98B2-4F01-8B7F-403A21A667C0}.Release|x64.ActiveCfg = Release|x64
		{CE9BC32E-98B2-4F01-8B7F-403A21A667C0}.Release|x64.Build.0 = Release|x64
		{CE9BC32E-98B2-4F01-8B7F-403A21A667C0}.Release|x86.ActiveCfg = Release|x86
		{CE9BC32E-98B2-4F01-8B7F-403A21A667C0}.Release|x86.Build.0 = Release|x86
		{86FFE689-87C2-43C6-A9E7-5DB2E4909713}.Debug|Any CPU.ActiveCfg = Debug|x64
		{86FFE689-87C2-43C6-A9E7-5DB2E4909713}.Debug|Any CPU.Build.0 = Debug|x64
		{86FFE689-87C2-43C6-A9E7-5DB2E4909713}.Debug|x64.ActiveCfg = Debug|x64
		{86FFE689-87C2-43C6-A9E7-5DB2E4909713}.Debug|x64.Build.0 = Debug|x64
		{86FFE689-87C2-43C6-A9E7-5DB2E4909713}.Debug|x86.ActiveCfg = Debug|x86
		{86FFE689-87C2-43C6-A9E7-5DB2E4909713}.Debug|x86.Build.0 = Debug|x86
		{86FFE689-87C2-43C6-A9E7-5DB2E4909713}.Release|Any CPU.ActiveCfg = Release|x64
		{86FFE689-87C2-43C6-A9E7-5DB2E4909713}.Release|Any CPU.Build.0 = Release|x64
		{86FFE689-87C2-43C6-A9E7-5DB2E4909713}.Release|x64.ActiveCfg = Release|x64
		{86FFE689-87C2-43C6-A9E7-5DB2E4909713}.Release|x64.Build.0 = Release|x64
		{86FFE689-87C2-43C6-A9E7-5DB2E4909713}.Release|x86.ActiveCfg = Release|x86
		{86FFE689-87C2-43C6-A9E7-5DB2E4909713}.Release|x86.Build.0 = Release|x86
		{51A81E0F-9154-4E08-8234-D286E59BA1E6}.Debug|Any CPU.ActiveCfg = Debug|x64
		{51A81E0F-9154-4E08-8234-D286E59BA1E6}.Debug|Any CPU.Build.0 = Debug|x64
		{51A81E0F-9154-4E08-8234-D286E59BA1E6}.Debug|x64.ActiveCfg = Debug|x64
		{51A81E0F-9154-4E08-8234-D286E59BA1E6}.Debug|x64.Build.0 = Debug|x64
		{51A81E0F-9154-4E08-8234-D286E59BA1E6}.Debug|x86.ActiveCfg = Debug|x64
		{51A81E0F-9154-4E08-8234-D286E59BA1E6}.Debug|x86.Build.0 = Debug|x64
		{51A81E0F-9154-4E08-8234-D286E59BA1E6}.Release|Any CPU.ActiveCfg = Release|x64
		{51A81E0F-9154-4E08-8234-D286E59BA1E6}.Release|Any CPU.Build.0 = Release|x64
		{51A81E0F-9154-4E08-8234-D286E59BA1E6}.Release|x64.ActiveCfg = Release|x64
		{51A81E0F-9154-4E08-8234-D286E59BA1E6}.Release|x64.Build.0 = Release|x64
		{51A81E0F-9154-4E08-8234-D286E59BA1E6}.Release|x86.ActiveCfg = Release|x64
		{51A81E0F-9154-4E08-8234-D286E59BA1E6}.Release|x86.Build.0 = Release|x64
	EndGlobalSection
	GlobalSection(SolutionProperties) = preSolution
		HideSolutionNode = FALSE
	EndGlobalSection
EndGlobal
